
Microsoft Visual Studio Solution File, Format Version 12.00
# Visual Studio Version 17
VisualStudioVersion = 17.0.31903.59
MinimumVisualStudioVersion = 10.0.40219.1
Project("{FAE04EC0-301F-11D3-BF4B-00C04F79EFBC}") = "Core", "Core\Core.csproj", "{A8E9D465-D6C1-4852-AD12-AB1D6C1CDBBC}"
EndProject
Project("{FAE04EC0-301F-11D3-BF4B-00C04F79EFBC}") = "BankPortal", "BankPortal\BankPortal.csproj", "{6BE7F478-C8AE-407A-915A-AFFBD1D3AB00}"
EndProject
Project("{FAE04EC0-301F-11D3-BF4B-00C04F79EFBC}") = "ClientPortal", "ClientPortal\ClientPortal.csproj", "{D3AAFA10-2C7E-49E1-B9B4-B8C1C9D53A33}"
EndProject
Global
	GlobalSection(SolutionConfigurationPlatforms) = preSolution
		Debug|Any CPU = Debug|Any CPU
		Release|Any CPU = Release|Any CPU
	EndGlobalSection
	GlobalSection(ProjectConfigurationPlatforms) = postSolution
		{A8E9D465-D6C1-4852-AD12-AB1D6C1CDBBC}.Debug|Any CPU.ActiveCfg = Debug|Any CPU
		{A8E9D465-D6C1-4852-AD12-AB1D6C1CDBBC}.Debug|Any CPU.Build.0 = Debug|Any CPU
		{A8E9D465-D6C1-4852-AD12-AB1D6C1CDBBC}.Release|Any CPU.ActiveCfg = Release|Any CPU
		{A8E9D465-D6C1-4852-AD12-AB1D6C1CDBBC}.Release|Any CPU.Build.0 = Release|Any CPU
		{6BE7F478-C8AE-407A-915A-AFFBD1D3AB00}.Debug|Any CPU.ActiveCfg = Debug|Any CPU
		{6BE7F478-C8AE-407A-915A-AFFBD1D3AB00}.Debug|Any CPU.Build.0 = Debug|Any CPU
		{6BE7F478-C8AE-407A-915A-AFFBD1D3AB00}.Release|Any CPU.ActiveCfg = Release|Any CPU
		{6BE7F478-C8AE-407A-915A-AFFBD1D3AB00}.Release|Any CPU.Build.0 = Release|Any CPU
		{D3AAFA10-2C7E-49E1-B9B4-B8C1C9D53A33}.Debug|Any CPU.ActiveCfg = Debug|Any CPU
		{D3AAFA10-2C7E-49E1-B9B4-B8C1C9D53A33}.Debug|Any CPU.Build.0 = Debug|Any CPU
		{D3AAFA10-2C7E-49E1-B9B4-B8C1C9D53A33}.Release|Any CPU.ActiveCfg = Release|Any CPU
		{D3AAFA10-2C7E-49E1-B9B4-B8C1C9D53A33}.Release|Any CPU.Build.0 = Release|Any CPU
	EndGlobalSection
	GlobalSection(SolutionProperties) = preSolution
		HideSolutionNode = FALSE
	EndGlobalSection
EndGlobal
